// !$*UTF8*$!
{
	archiveVersion = 1;
	classes = {
	};
	objectVersion = 50;
	objects = {

/* Begin PBXBuildFile section */
		101404A16C63559021E00EB7 /* Pods_SettingSceneSample.framework in Frameworks */ = {isa = PBXBuildFile; fileRef = 589C6CE97BEFAD4CF1876AC2 /* Pods_SettingSceneSample.framework */; };
		A7B2D0762456D3FA004C5517 /* AppDelegate.swift in Sources */ = {isa = PBXBuildFile; fileRef = A7B2D0752456D3FA004C5517 /* AppDelegate.swift */; };
		A7B2D0782456D3FA004C5517 /* SceneDelegate.swift in Sources */ = {isa = PBXBuildFile; fileRef = A7B2D0772456D3FA004C5517 /* SceneDelegate.swift */; };
		A7B2D07A2456D3FA004C5517 /* ViewController.swift in Sources */ = {isa = PBXBuildFile; fileRef = A7B2D0792456D3FA004C5517 /* ViewController.swift */; };
		A7B2D07D2456D3FA004C5517 /* Main.storyboard in Resources */ = {isa = PBXBuildFile; fileRef = A7B2D07B2456D3FA004C5517 /* Main.storyboard */; };
		A7B2D07F2456D3FB004C5517 /* Assets.xcassets in Resources */ = {isa = PBXBuildFile; fileRef = A7B2D07E2456D3FB004C5517 /* Assets.xcassets */; };
		A7B2D0822456D3FB004C5517 /* LaunchScreen.storyboard in Resources */ = {isa = PBXBuildFile; fileRef = A7B2D0802456D3FB004C5517 /* LaunchScreen.storyboard */; };
/* End PBXBuildFile section */

/* Begin PBXFileReference section */
		589C6CE97BEFAD4CF1876AC2 /* Pods_SettingSceneSample.framework */ = {isa = PBXFileReference; explicitFileType = wrapper.framework; includeInIndex = 0; path = Pods_SettingSceneSample.framework; sourceTree = BUILT_PRODUCTS_DIR; };
		9A843B3E0FAE2F9E05DE6D7B /* Pods-SettingSceneSample.debug.xcconfig */ = {isa = PBXFileReference; includeInIndex = 1; lastKnownFileType = text.xcconfig; name = "Pods-SettingSceneSample.debug.xcconfig"; path = "Target Support Files/Pods-SettingSceneSample/Pods-SettingSceneSample.debug.xcconfig"; sourceTree = "<group>"; };
		A2BDE0EB9640FE1797A3B13E /* Pods-SettingSceneSample.release.xcconfig */ = {isa = PBXFileReference; includeInIndex = 1; lastKnownFileType = text.xcconfig; name = "Pods-SettingSceneSample.release.xcconfig"; path = "Target Support Files/Pods-SettingSceneSample/Pods-SettingSceneSample.release.xcconfig"; sourceTree = "<group>"; };
		A7B2D0722456D3FA004C5517 /* SettingSceneSample.app */ = {isa = PBXFileReference; explicitFileType = wrapper.application; includeInIndex = 0; path = SettingSceneSample.app; sourceTree = BUILT_PRODUCTS_DIR; };
		A7B2D0752456D3FA004C5517 /* AppDelegate.swift */ = {isa = PBXFileReference; lastKnownFileType = sourcecode.swift; path = AppDelegate.swift; sourceTree = "<group>"; };
		A7B2D0772456D3FA004C5517 /* SceneDelegate.swift */ = {isa = PBXFileReference; lastKnownFileType = sourcecode.swift; path = SceneDelegate.swift; sourceTree = "<group>"; };
		A7B2D0792456D3FA004C5517 /* ViewController.swift */ = {isa = PBXFileReference; lastKnownFileType = sourcecode.swift; path = ViewController.swift; sourceTree = "<group>"; };
		A7B2D07C2456D3FA004C5517 /* Base */ = {isa = PBXFileReference; lastKnownFileType = file.storyboard; name = Base; path = Base.lproj/Main.storyboard; sourceTree = "<group>"; };
		A7B2D07E2456D3FB004C5517 /* Assets.xcassets */ = {isa = PBXFileReference; lastKnownFileType = folder.assetcatalog; path = Assets.xcassets; sourceTree = "<group>"; };
		A7B2D0812456D3FB004C5517 /* Base */ = {isa = PBXFileReference; lastKnownFileType = file.storyboard; name = Base; path = Base.lproj/LaunchScreen.storyboard; sourceTree = "<group>"; };
		A7B2D0832456D3FB004C5517 /* Info.plist */ = {isa = PBXFileReference; lastKnownFileType = text.plist.xml; path = Info.plist; sourceTree = "<group>"; };
/* End PBXFileReference section */

/* Begin PBXFrameworksBuildPhase section */
		A7B2D06F2456D3FA004C5517 /* Frameworks */ = {
			isa = PBXFrameworksBuildPhase;
			buildActionMask = 2147483647;
			files = (
				101404A16C63559021E00EB7 /* Pods_SettingSceneSample.framework in Frameworks */,
			);
			runOnlyForDeploymentPostprocessing = 0;
		};
/* End PBXFrameworksBuildPhase section */

/* Begin PBXGroup section */
		A7B2D0692456D3FA004C5517 = {
			isa = PBXGroup;
			children = (
				A7B2D0742456D3FA004C5517 /* SettingSceneSample */,
				A7B2D0732456D3FA004C5517 /* Products */,
				F618C40AAF5C33CB8E1A4ED1 /* Pods */,
				FBFF7DFC49C64305B141AED2 /* Frameworks */,
			);
			sourceTree = "<group>";
		};
		A7B2D0732456D3FA004C5517 /* Products */ = {
			isa = PBXGroup;
			children = (
				A7B2D0722456D3FA004C5517 /* SettingSceneSample.app */,
			);
			name = Products;
			sourceTree = "<group>";
		};
		A7B2D0742456D3FA004C5517 /* SettingSceneSample */ = {
			isa = PBXGroup;
			children = (
				A7B2D0752456D3FA004C5517 /* AppDelegate.swift */,
				A7B2D0772456D3FA004C5517 /* SceneDelegate.swift */,
				A7B2D0792456D3FA004C5517 /* ViewController.swift */,
				A7B2D07B2456D3FA004C5517 /* Main.storyboard */,
				A7B2D07E2456D3FB004C5517 /* Assets.xcassets */,
				A7B2D0802456D3FB004C5517 /* LaunchScreen.storyboard */,
				A7B2D0832456D3FB004C5517 /* Info.plist */,
			);
			path = SettingSceneSample;
			sourceTree = "<group>";
		};
		F618C40AAF5C33CB8E1A4ED1 /* Pods */ = {
			isa = PBXGroup;
			children = (
				9A843B3E0FAE2F9E05DE6D7B /* Pods-SettingSceneSample.debug.xcconfig */,
				A2BDE0EB9640FE1797A3B13E /* Pods-SettingSceneSample.release.xcconfig */,
			);
			name = Pods;
			path = Pods;
			sourceTree = "<group>";
		};
		FBFF7DFC49C64305B141AED2 /* Frameworks */ = {
			isa = PBXGroup;
			children = (
				589C6CE97BEFAD4CF1876AC2 /* Pods_SettingSceneSample.framework */,
			);
			name = Frameworks;
			sourceTree = "<group>";
		};
/* End PBXGroup section */

/* Begin PBXNativeTarget section */
		A7B2D0712456D3FA004C5517 /* SettingSceneSample */ = {
			isa = PBXNativeTarget;
			buildConfigurationList = A7B2D0862456D3FB004C5517 /* Build configuration list for PBXNativeTarget "SettingSceneSample" */;
			buildPhases = (
				18DDC08E0517C6161EDE89BF /* [CP] Check Pods Manifest.lock */,
				A7B2D06E2456D3FA004C5517 /* Sources */,
				A7B2D06F2456D3FA004C5517 /* Frameworks */,
				A7B2D0702456D3FA004C5517 /* Resources */,
				7B36398E9214331D44986480 /* [CP] Embed Pods Frameworks */,
			);
			buildRules = (
			);
			dependencies = (
			);
			name = SettingSceneSample;
			productName = SettingSceneSample;
			productReference = A7B2D0722456D3FA004C5517 /* SettingSceneSample.app */;
			productType = "com.apple.product-type.application";
		};
/* End PBXNativeTarget section */

/* Begin PBXProject section */
		A7B2D06A2456D3FA004C5517 /* Project object */ = {
			isa = PBXProject;
			attributes = {
				LastSwiftUpdateCheck = 1120;
				LastUpgradeCheck = 1120;
				ORGANIZATIONNAME = "縣美早";
				TargetAttributes = {
					A7B2D0712456D3FA004C5517 = {
						CreatedOnToolsVersion = 11.2.1;
					};
				};
			};
			buildConfigurationList = A7B2D06D2456D3FA004C5517 /* Build configuration list for PBXProject "SettingSceneSample" */;
			compatibilityVersion = "Xcode 9.3";
			developmentRegion = en;
			hasScannedForEncodings = 0;
			knownRegions = (
				en,
				Base,
			);
			mainGroup = A7B2D0692456D3FA004C5517;
			productRefGroup = A7B2D0732456D3FA004C5517 /* Products */;
			projectDirPath = "";
			projectRoot = "";
			targets = (
				A7B2D0712456D3FA004C5517 /* SettingSceneSample */,
			);
		};
/* End PBXProject section */

/* Begin PBXResourcesBuildPhase section */
		A7B2D0702456D3FA004C5517 /* Resources */ = {
			isa = PBXResourcesBuildPhase;
			buildActionMask = 2147483647;
			files = (
				A7B2D0822456D3FB004C5517 /* LaunchScreen.storyboard in Resources */,
				A7B2D07F2456D3FB004C5517 /* Assets.xcassets in Resources */,
				A7B2D07D2456D3FA004C5517 /* Main.storyboard in Resources */,
			);
			runOnlyForDeploymentPostprocessing = 0;
		};
/* End PBXResourcesBuildPhase section */

/* Begin PBXShellScriptBuildPhase section */
		18DDC08E0517C6161EDE89BF /* [CP] Check Pods Manifest.lock */ = {
			isa = PBXShellScriptBuildPhase;
			buildActionMask = 2147483647;
			files = (
			);
			inputFileListPaths = (
			);
			inputPaths = (
				"${PODS_PODFILE_DIR_PATH}/Podfile.lock",
				"${PODS_ROOT}/Manifest.lock",
			);
			name = "[CP] Check Pods Manifest.lock";
			outputFileListPaths = (
			);
			outputPaths = (
				"$(DERIVED_FILE_DIR)/Pods-SettingSceneSample-checkManifestLockResult.txt",
			);
			runOnlyForDeploymentPostprocessing = 0;
			shellPath = /bin/sh;
			shellScript = "diff \"${PODS_PODFILE_DIR_PATH}/Podfile.lock\" \"${PODS_ROOT}/Manifest.lock\" > /dev/null\nif [ $? != 0 ] ; then\n    # print error to STDERR\n    echo \"error: The sandbox is not in sync with the Podfile.lock. Run 'pod install' or update your CocoaPods installation.\" >&2\n    exit 1\nfi\n# This output is used by Xcode 'outputs' to avoid re-running this script phase.\necho \"SUCCESS\" > \"${SCRIPT_OUTPUT_FILE_0}\"\n";
			showEnvVarsInLog = 0;
		};
		7B36398E9214331D44986480 /* [CP] Embed Pods Frameworks */ = {
			isa = PBXShellScriptBuildPhase;
			buildActionMask = 2147483647;
			files = (
			);
			inputFileListPaths = (
			);
			inputPaths = (
				"${PODS_ROOT}/Target Support Files/Pods-SettingSceneSample/Pods-SettingSceneSample-frameworks.sh",
				"${BUILT_PRODUCTS_DIR}/Differentiator/Differentiator.framework",
				"${BUILT_PRODUCTS_DIR}/RxCocoa/RxCocoa.framework",
				"${BUILT_PRODUCTS_DIR}/RxDataSources/RxDataSources.framework",
				"${BUILT_PRODUCTS_DIR}/RxRelay/RxRelay.framework",
				"${BUILT_PRODUCTS_DIR}/RxSwift/RxSwift.framework",
			);
			name = "[CP] Embed Pods Frameworks";
			outputFileListPaths = (
			);
			outputPaths = (
				"${TARGET_BUILD_DIR}/${FRAMEWORKS_FOLDER_PATH}/Differentiator.framework",
				"${TARGET_BUILD_DIR}/${FRAMEWORKS_FOLDER_PATH}/RxCocoa.framework",
				"${TARGET_BUILD_DIR}/${FRAMEWORKS_FOLDER_PATH}/RxDataSources.framework",
				"${TARGET_BUILD_DIR}/${FRAMEWORKS_FOLDER_PATH}/RxRelay.framework",
				"${TARGET_BUILD_DIR}/${FRAMEWORKS_FOLDER_PATH}/RxSwift.framework",
			);
			runOnlyForDeploymentPostprocessing = 0;
			shellPath = /bin/sh;
			shellScript = "\"${PODS_ROOT}/Target Support Files/Pods-SettingSceneSample/Pods-SettingSceneSample-frameworks.sh\"\n";
			showEnvVarsInLog = 0;
		};
/* End PBXShellScriptBuildPhase section */

/* Begin PBXSourcesBuildPhase section */
		A7B2D06E2456D3FA004C5517 /* Sources */ = {
			isa = PBXSourcesBuildPhase;
			buildActionMask = 2147483647;
			files = (
				A7B2D07A2456D3FA004C5517 /* ViewController.swift in Sources */,
				A7B2D0762456D3FA004C5517 /* AppDelegate.swift in Sources */,
				A7B2D0782456D3FA004C5517 /* SceneDelegate.swift in Sources */,
			);
			runOnlyForDeploymentPostprocessing = 0;
		};
/* End PBXSourcesBuildPhase section */

/* Begin PBXVariantGroup section */
		A7B2D07B2456D3FA004C5517 /* Main.storyboard */ = {
			isa = PBXVariantGroup;
			children = (
				A7B2D07C2456D3FA004C5517 /* Base */,
			);
			name = Main.storyboard;
			sourceTree = "<group>";
		};
		A7B2D0802456D3FB004C5517 /* LaunchScreen.storyboard */ = {
			isa = PBXVariantGroup;
			children = (
				A7B2D0812456D3FB004C5517 /* Base */,
			);
			name = LaunchScreen.storyboard;
			sourceTree = "<group>";
		};
/* End PBXVariantGroup section */

/* Begin XCBuildConfiguration section */
		A7B2D0842456D3FB004C5517 /* Debug */ = {
			isa = XCBuildConfiguration;
			buildSettings = {
				ALWAYS_SEARCH_USER_PATHS = NO;
				CLANG_ANALYZER_NONNULL = YES;
				CLANG_ANALYZER_NUMBER_OBJECT_CONVERSION = YES_AGGRESSIVE;
				CLANG_CXX_LANGUAGE_STANDARD = "gnu++14";
				CLANG_CXX_LIBRARY = "libc++";
				CLANG_ENABLE_MODULES = YES;
				CLANG_ENABLE_OBJC_ARC = YES;
				CLANG_ENABLE_OBJC_WEAK = YES;
				CLANG_WARN_BLOCK_CAPTURE_AUTORELEASING = YES;
				CLANG_WARN_BOOL_CONVERSION = YES;
				CLANG_WARN_COMMA = YES;
				CLANG_WARN_CONSTANT_CONVERSION = YES;
				CLANG_WARN_DEPRECATED_OBJC_IMPLEMENTATIONS = YES;
				CLANG_WARN_DIRECT_OBJC_ISA_USAGE = YES_ERROR;
				CLANG_WARN_DOCUMENTATION_COMMENTS = YES;
				CLANG_WARN_EMPTY_BODY = YES;
				CLANG_WARN_ENUM_CONVERSION = YES;
				CLANG_WARN_INFINITE_RECURSION = YES;
				CLANG_WARN_INT_CONVERSION = YES;
				CLANG_WARN_NON_LITERAL_NULL_CONVERSION = YES;
				CLANG_WARN_OBJC_IMPLICIT_RETAIN_SELF = YES;
				CLANG_WARN_OBJC_LITERAL_CONVERSION = YES;
				CLANG_WARN_OBJC_ROOT_CLASS = YES_ERROR;
				CLANG_WARN_RANGE_LOOP_ANALYSIS = YES;
				CLANG_WARN_STRICT_PROTOTYPES = YES;
				CLANG_WARN_SUSPICIOUS_MOVE = YES;
				CLANG_WARN_UNGUARDED_AVAILABILITY = YES_AGGRESSIVE;
				CLANG_WARN_UNREACHABLE_CODE = YES;
				CLANG_WARN__DUPLICATE_METHOD_MATCH = YES;
				COPY_PHASE_STRIP = NO;
				DEBUG_INFORMATION_FORMAT = dwarf;
				ENABLE_STRICT_OBJC_MSGSEND = YES;
				ENABLE_TESTABILITY = YES;
				GCC_C_LANGUAGE_STANDARD = gnu11;
				GCC_DYNAMIC_NO_PIC = NO;
				GCC_NO_COMMON_BLOCKS = YES;
				GCC_OPTIMIZATION_LEVEL = 0;
				GCC_PREPROCESSOR_DEFINITIONS = (
					"DEBUG=1",
					"$(inherited)",
				);
				GCC_WARN_64_TO_32_BIT_CONVERSION = YES;
				GCC_WARN_ABOUT_RETURN_TYPE = YES_ERROR;
				GCC_WARN_UNDECLARED_SELECTOR = YES;
				GCC_WARN_UNINITIALIZED_AUTOS = YES_AGGRESSIVE;
				GCC_WARN_UNUSED_FUNCTION = YES;
				GCC_WARN_UNUSED_VARIABLE = YES;
				IPHONEOS_DEPLOYMENT_TARGET = 13.2;
				MTL_ENABLE_DEBUG_INFO = INCLUDE_SOURCE;
				MTL_FAST_MATH = YES;
				ONLY_ACTIVE_ARCH = YES;
				SDKROOT = iphoneos;
				SWIFT_ACTIVE_COMPILATION_CONDITIONS = DEBUG;
				SWIFT_OPTIMIZATION_LEVEL = "-Onone";
			};
			name = Debug;
		};
		A7B2D0852456D3FB004C5517 /* Release */ = {
			isa = XCBuildConfiguration;
			buildSettings = {
				ALWAYS_SEARCH_USER_PATHS = NO;
				CLANG_ANALYZER_NONNULL = YES;
				CLANG_ANALYZER_NUMBER_OBJECT_CONVERSION = YES_AGGRESSIVE;
				CLANG_CXX_LANGUAGE_STANDARD = "gnu++14";
				CLANG_CXX_LIBRARY = "libc++";
				CLANG_ENABLE_MODULES = YES;
				CLANG_ENABLE_OBJC_ARC = YES;
				CLANG_ENABLE_OBJC_WEAK = YES;
				CLANG_WARN_BLOCK_CAPTURE_AUTORELEASING = YES;
				CLANG_WARN_BOOL_CONVERSION = YES;
				CLANG_WARN_COMMA = YES;
				CLANG_WARN_CONSTANT_CONVERSION = YES;
				CLANG_WARN_DEPRECATED_OBJC_IMPLEMENTATIONS = YES;
				CLANG_WARN_DIRECT_OBJC_ISA_USAGE = YES_ERROR;
				CLANG_WARN_DOCUMENTATION_COMMENTS = YES;
				CLANG_WARN_EMPTY_BODY = YES;
				CLANG_WARN_ENUM_CONVERSION = YES;
				CLANG_WARN_INFINITE_RECURSION = YES;
				CLANG_WARN_INT_CONVERSION = YES;
				CLANG_WARN_NON_LITERAL_NULL_CONVERSION = YES;
				CLANG_WARN_OBJC_IMPLICIT_RETAIN_SELF = YES;
				CLANG_WARN_OBJC_LITERAL_CONVERSION = YES;
				CLANG_WARN_OBJC_ROOT_CLASS = YES_ERROR;
				CLANG_WARN_RANGE_LOOP_ANALYSIS = YES;
				CLANG_WARN_STRICT_PROTOTYPES = YES;
				CLANG_WARN_SUSPICIOUS_MOVE = YES;
				CLANG_WARN_UNGUARDED_AVAILABILITY = YES_AGGRESSIVE;
				CLANG_WARN_UNREACHABLE_CODE = YES;
				CLANG_WARN__DUPLICATE_METHOD_MATCH = YES;
				COPY_PHASE_STRIP = NO;
				DEBUG_INFORMATION_FORMAT = "dwarf-with-dsym";
				ENABLE_NS_ASSERTIONS = NO;
				ENABLE_STRICT_OBJC_MSGSEND = YES;
				GCC_C_LANGUAGE_STANDARD = gnu11;
				GCC_NO_COMMON_BLOCKS = YES;
				GCC_WARN_64_TO_32_BIT_CONVERSION = YES;
				GCC_WARN_ABOUT_RETURN_TYPE = YES_ERROR;
				GCC_WARN_UNDECLARED_SELECTOR = YES;
				GCC_WARN_UNINITIALIZED_AUTOS = YES_AGGRESSIVE;
				GCC_WARN_UNUSED_FUNCTION = YES;
				GCC_WARN_UNUSED_VARIABLE = YES;
				IPHONEOS_DEPLOYMENT_TARGET = 13.2;
				MTL_ENABLE_DEBUG_INFO = NO;
				MTL_FAST_MATH = YES;
				SDKROOT = iphoneos;
				SWIFT_COMPILATION_MODE = wholemodule;
				SWIFT_OPTIMIZATION_LEVEL = "-O";
				VALIDATE_PRODUCT = YES;
			};
			name = Release;
		};
		A7B2D0872456D3FB004C5517 /* Debug */ = {
			isa = XCBuildConfiguration;
			baseConfigurationReference = 9A843B3E0FAE2F9E05DE6D7B /* Pods-SettingSceneSample.debug.xcconfig */;
			buildSettings = {
				ASSETCATALOG_COMPILER_APPICON_NAME = AppIcon;
				CODE_SIGN_STYLE = Automatic;
				INFOPLIST_FILE = SettingSceneSample/Info.plist;
				LD_RUNPATH_SEARCH_PATHS = (
					"$(inherited)",
					"@executable_path/Frameworks",
				);
				PRODUCT_BUNDLE_IDENTIFIER = com.misakiagata.SettingSceneSample;
				PRODUCT_NAME = "$(TARGET_NAME)";
				SWIFT_VERSION = 5.0;
				TARGETED_DEVICE_FAMILY = "1,2";
			};
			name = Debug;
		};
		A7B2D0882456D3FB004C5517 /* Release */ = {
			isa = XCBuildConfiguration;
			baseConfigurationReference = A2BDE0EB9640FE1797A3B13E /* Pods-SettingSceneSample.release.xcconfig */;
			buildSettings = {
				ASSETCATALOG_COMPILER_APPICON_NAME = AppIcon;
				CODE_SIGN_STYLE = Automatic;
				INFOPLIST_FILE = SettingSceneSample/Info.plist;
				LD_RUNPATH_SEARCH_PATHS = (
					"$(inherited)",
					"@executable_path/Frameworks",
				);
				PRODUCT_BUNDLE_IDENTIFIER = com.misakiagata.SettingSceneSample;
				PRODUCT_NAME = "$(TARGET_NAME)";
				SWIFT_VERSION = 5.0;
				TARGETED_DEVICE_FAMILY = "1,2";
			};
			name = Release;
		};
/* End XCBuildConfiguration section */

/* Begin XCConfigurationList section */
		A7B2D06D2456D3FA004C5517 /* Build configuration list for PBXProject "SettingSceneSample" */ = {
			isa = XCConfigurationList;
			buildConfigurations = (
				A7B2D0842456D3FB004C5517 /* Debug */,
				A7B2D0852456D3FB004C5517 /* Release */,
			);
			defaultConfigurationIsVisible = 0;
			defaultConfigurationName = Release;
		};
		A7B2D0862456D3FB004C5517 /* Build configuration list for PBXNativeTarget "SettingSceneSample" */ = {
			isa = XCConfigurationList;
			buildConfigurations = (
				A7B2D0872456D3FB004C5517 /* Debug */,
				A7B2D0882456D3FB004C5517 /* Release */,
			);
			defaultConfigurationIsVisible = 0;
			defaultConfigurationName = Release;
		};
/* End XCConfigurationList section */
	};
	rootObject = A7B2D06A2456D3FA004C5517 /* Project object */;
}
